
Microsoft Visual Studio Solution File, Format Version 12.00
# Visual Studio Version 17
VisualStudioVersion = 17.0.31903.59
MinimumVisualStudioVersion = 10.0.40219.1
Project("{2150E333-8FDC-42A3-9474-1A3956D46DE8}") = "example", "example", "{74136E24-366C-4B83-9A4C-A699EA37F217}"
EndProject
Project("{2150E333-8FDC-42A3-9474-1A3956D46DE8}") = "chapter02", "chapter02", "{72578173-B47E-4AFF-8E1B-6006CA921C11}"
EndProject
Project("{9A19103F-16F7-4668-BE54-9A1E7A4F7556}") = "Hello", "example\chapter02\Hello\Hello.csproj", "{0105E15C-B3B1-4B50-9D95-4C43C4C01CFD}"
EndProject
Project("{2150E333-8FDC-42A3-9474-1A3956D46DE8}") = "chapter03", "chapter03", "{D2F38B57-AA11-40DE-AE33-4AE5DB3BD9F0}"
EndProject
Project("{9A19103F-16F7-4668-BE54-9A1E7A4F7556}") = "IntergerLiterals", "example\chapter03\IntergerLiterals\IntergerLiterals.csproj", "{3B653CD8-1C18-42B1-880D-762B5787AEA3}"
EndProject
Project("{9A19103F-16F7-4668-BE54-9A1E7A4F7556}") = "IntergralTypes", "example\chapter03\IntergralTypes\IntergralTypes.csproj", "{C279E6F7-041A-4CFE-B60F-9D7EDB083777}"
EndProject
Project("{2150E333-8FDC-42A3-9474-1A3956D46DE8}") = "exercise", "exercise", "{FFD39283-E859-4F2D-99E5-E92636D0F93F}"
EndProject
Project("{2150E333-8FDC-42A3-9474-1A3956D46DE8}") = "chapter02", "chapter02", "{2139C359-0067-4361-8B83-419B92ABB381}"
EndProject
Project("{9A19103F-16F7-4668-BE54-9A1E7A4F7556}") = "exercise01", "exercise\chapter02\exercise01\exercise01.csproj", "{2EAC2A13-B2DF-4911-9124-1DB97EB2073F}"
EndProject
Project("{9A19103F-16F7-4668-BE54-9A1E7A4F7556}") = "SignedUnsigned", "example\chapter03\SignedUnsigned\SignedUnsigned.csproj", "{CF63308E-2B32-4D45-ADAA-6BCB783C1D2E}"
EndProject
Project("{9A19103F-16F7-4668-BE54-9A1E7A4F7556}") = "Overflow", "example\chapter03\Overflow\Overflow.csproj", "{914CE4D7-C4C6-4DF6-BF4A-07C9353B901B}"
EndProject
Project("{9A19103F-16F7-4668-BE54-9A1E7A4F7556}") = "FloatingPoint", "example\chapter03\FloatingPoint\FloatingPoint.csproj", "{75D3217C-5D05-462C-8F78-BBB00517FEC5}"
EndProject
Project("{9A19103F-16F7-4668-BE54-9A1E7A4F7556}") = "Decimal", "example\chapter03\Decimal\Decimal.csproj", "{9B3410F3-9CB4-4924-9621-A780245B7F69}"
EndProject
Project("{9A19103F-16F7-4668-BE54-9A1E7A4F7556}") = "Char", "example\chapter03\Char\Char.csproj", "{99D035B1-DEDE-4CDB-9977-C57AC39B79C6}"
EndProject
Project("{9A19103F-16F7-4668-BE54-9A1E7A4F7556}") = "Bool", "example\chapter03\Bool\Bool.csproj", "{8B5D202F-DA1A-4820-8170-FD4AE252841C}"
EndProject
Project("{9A19103F-16F7-4668-BE54-9A1E7A4F7556}") = "Object", "example\chapter03\Object\Object.csproj", "{F844BDEB-DBBD-43D8-AA9D-8413018AC050}"
EndProject
Project("{9A19103F-16F7-4668-BE54-9A1E7A4F7556}") = "BoxingUnboxing", "example\chapter03\BoxingUnboxing\BoxingUnboxing.csproj", "{FBEB9791-03AE-402D-8F30-63B03F6B74F8}"
EndProject
Project("{9A19103F-16F7-4668-BE54-9A1E7A4F7556}") = "IntegralConversion", "example\chapter03\IntegralConversion\IntegralConversion.csproj", "{893B4835-423A-4E82-9277-8CE418ACB71D}"
EndProject
Project("{9A19103F-16F7-4668-BE54-9A1E7A4F7556}") = "FloatConversion", "example\chapter03\FloatConversion\FloatConversion.csproj", "{524EB73A-420F-4F3E-9AC7-5D0D5A0435BD}"
EndProject
Project("{9A19103F-16F7-4668-BE54-9A1E7A4F7556}") = "SignedUnsignedConversion", "example\chapter03\SignedUnsignedConversion\SignedUnsignedConversion.csproj", "{D0980115-E42A-4351-B89F-6DB29A278E61}"
EndProject
Project("{9A19103F-16F7-4668-BE54-9A1E7A4F7556}") = "FloatToInteger", "example\chapter03\FloatToInteger\FloatToInteger.csproj", "{B4A51620-103E-4214-B8E3-A2C70AB44709}"
EndProject
Project("{9A19103F-16F7-4668-BE54-9A1E7A4F7556}") = "StringNumberCoversion", "example\chapter03\StringNumberCoversion\StringNumberCoversion.csproj", "{B26AFA4F-73B1-4B91-9BA6-DE36A859B35C}"
EndProject
Project("{9A19103F-16F7-4668-BE54-9A1E7A4F7556}") = "Constant", "example\chapter03\Constant\Constant.csproj", "{433B0382-823E-4B6B-9A56-EEE9320525A0}"
EndProject
Project("{9A19103F-16F7-4668-BE54-9A1E7A4F7556}") = "Enum", "example\chapter03\Enum\Enum.csproj", "{AE99AC67-D29D-4B56-B951-B692BAD281A7}"
EndProject
Project("{9A19103F-16F7-4668-BE54-9A1E7A4F7556}") = "Enum2", "example\chapter03\Enum2\Enum2.csproj", "{3DD31691-BABE-4911-89D2-DEEB1ED71BCF}"
EndProject
Project("{9A19103F-16F7-4668-BE54-9A1E7A4F7556}") = "Enum3", "example\chapter03\Enum3\Enum3.csproj", "{3CE380B2-286E-48DE-8C38-054F382F1721}"
EndProject
Project("{9A19103F-16F7-4668-BE54-9A1E7A4F7556}") = "Nullable", "example\chapter03\Nullable\Nullable.csproj", "{023A5105-05A8-4712-86BA-733B28FC4974}"
EndProject
Project("{9A19103F-16F7-4668-BE54-9A1E7A4F7556}") = "UsingVar", "example\chapter03\UsingVar\UsingVar.csproj", "{C9E94E05-83C5-450F-8839-C18759F7FE94}"
EndProject
Project("{9A19103F-16F7-4668-BE54-9A1E7A4F7556}") = "CTS", "example\chapter03\CTS\CTS.csproj", "{E19FBB67-CBB0-48FC-9746-4F44EB4D22A3}"
EndProject
Project("{9A19103F-16F7-4668-BE54-9A1E7A4F7556}") = "StringSearch", "example\chapter03\StringSearch\StringSearch.csproj", "{78128F8B-D410-4005-A4F7-C83D5D05B8BC}"
EndProject
Project("{9A19103F-16F7-4668-BE54-9A1E7A4F7556}") = "StringModify", "example\chapter03\StringModify\StringModify.csproj", "{EF4E25BD-B49C-458A-9788-378A0EDE1DE8}"
EndProject
Project("{9A19103F-16F7-4668-BE54-9A1E7A4F7556}") = "StringSlice", "example\chapter03\StringSlice\StringSlice.csproj", "{8E7995AF-92F0-4143-9FD6-BB66CCA3851A}"
EndProject
Project("{9A19103F-16F7-4668-BE54-9A1E7A4F7556}") = "StringFormatBasic", "example\chapter03\StringFormatBasic\StringFormatBasic.csproj", "{95EDB3C4-5A1B-4E84-9542-90E724CE0A29}"
EndProject
Project("{9A19103F-16F7-4668-BE54-9A1E7A4F7556}") = "StringFormatNumber", "example\chapter03\StringFormatNumber\StringFormatNumber.csproj", "{A06DC53E-76E8-40BD-B7AF-8CC278329720}"
EndProject
Project("{9A19103F-16F7-4668-BE54-9A1E7A4F7556}") = "StringFormatDateTime", "example\chapter03\StringFormatDateTime\StringFormatDateTime.csproj", "{ACD8954E-3E3D-4898-956C-4649DF771BBC}"
EndProject
Project("{9A19103F-16F7-4668-BE54-9A1E7A4F7556}") = "StringInterpolation", "example\chapter03\StringInterpolation\StringInterpolation.csproj", "{03D31E51-3390-4606-9B0D-32935267FB47}"
EndProject
Project("{2150E333-8FDC-42A3-9474-1A3956D46DE8}") = "chapter03", "chapter03", "{367101F3-97F5-4E1B-A52A-74E6D1D3DEE6}"
EndProject
Project("{9A19103F-16F7-4668-BE54-9A1E7A4F7556}") = "exercise01", "exercise\chapter03\exercise01\exercise01.csproj", "{270449BF-6976-470E-A3A9-A98CDFAE84F4}"
EndProject
Project("{9A19103F-16F7-4668-BE54-9A1E7A4F7556}") = "exercise02", "exercise\chapter03\exercise02\exercise02.csproj", "{377AFA74-378C-4BFC-8B49-0F77FF48ED22}"
EndProject
Project("{2150E333-8FDC-42A3-9474-1A3956D46DE8}") = "chapter04", "chapter04", "{58C386CD-E856-4843-8216-7425B30369EC}"
EndProject
Project("{9A19103F-16F7-4668-BE54-9A1E7A4F7556}") = "ArithmaticOperators", "example\chapter04\ArithmaticOperators\ArithmaticOperators.csproj", "{EE20B2C7-D8D1-4F6A-8F9C-B90D6AAE5510}"
EndProject
Project("{9A19103F-16F7-4668-BE54-9A1E7A4F7556}") = "IncDecOperator", "example\chapter04\IncDecOperator\IncDecOperator.csproj", "{34B050C7-4EE0-44EF-9B67-AC29EB4FE570}"
EndProject
Project("{9A19103F-16F7-4668-BE54-9A1E7A4F7556}") = "StringConcatenate", "example\chapter04\StringConcatenate\StringConcatenate.csproj", "{81295499-DED2-4161-8B4E-9418176E75E3}"
EndProject
Project("{9A19103F-16F7-4668-BE54-9A1E7A4F7556}") = "RelationalOperator", "example\chapter04\RelationalOperator\RelationalOperator.csproj", "{6B310B97-C911-400E-8A8E-BA48D7C4ED66}"
EndProject
Project("{9A19103F-16F7-4668-BE54-9A1E7A4F7556}") = "LogicalOperator", "example\chapter04\LogicalOperator\LogicalOperator.csproj", "{F07A2F75-733A-4A37-A3BC-63BC12766579}"
EndProject
Project("{9A19103F-16F7-4668-BE54-9A1E7A4F7556}") = "ConditionalOperator", "example\chapter04\ConditionalOperator\ConditionalOperator.csproj", "{9F6C8634-6E87-4C4D-A6F9-2EA17B55176F}"
EndProject
Project("{9A19103F-16F7-4668-BE54-9A1E7A4F7556}") = "NullConditionalOperator", "example\chapter04\nullConditionalOperator\NullConditionalOperator.csproj", "{70352503-1ADF-4200-BFFD-A30F77903AAB}"
EndProject
Project("{9A19103F-16F7-4668-BE54-9A1E7A4F7556}") = "ShiftOperator", "example\chapter04\ShiftOperator\ShiftOperator.csproj", "{3A0022C9-D97D-4D36-9AC2-7CBFEA68F277}"
EndProject
Project("{9A19103F-16F7-4668-BE54-9A1E7A4F7556}") = "BitwiseOperator", "example\chapter04\BitwiseOperator\BitwiseOperator.csproj", "{E506C3C0-8482-4D8C-A1AF-E312ABC39D99}"
EndProject
Project("{9A19103F-16F7-4668-BE54-9A1E7A4F7556}") = "AssignmentOperator", "example\chapter04\AssignmentOperator\AssignmentOperator.csproj", "{E2709CD1-0B02-4BE0-8EEB-6D2141581467}"
EndProject
Project("{2150E333-8FDC-42A3-9474-1A3956D46DE8}") = "chapter04", "chapter04", "{654CDD65-194A-47D8-A78B-105E1D8722B1}"
EndProject
Project("{9A19103F-16F7-4668-BE54-9A1E7A4F7556}") = "exercise01", "exercise\chapter04\exercise01\exercise01.csproj", "{D0A8149F-E78E-4394-95F7-ADA9F9A5A0C4}"
EndProject
Project("{FAE04EC0-301F-11D3-BF4B-00C04F79EFBC}") = "exercise03", "exercise\chapter04\exercise03\exercise03.csproj", "{473E90EB-A30A-425B-BD3A-E5EA61CB3247}"
EndProject
Project("{FAE04EC0-301F-11D3-BF4B-00C04F79EFBC}") = "exercise04", "exercise\chapter04\exercise04\exercise04.csproj", "{DFDA22F5-F116-4586-ACF5-2FDFD0D92199}"
EndProject
Project("{FAE04EC0-301F-11D3-BF4B-00C04F79EFBC}") = "exercise05", "exercise\chapter04\exercise05\exercise05.csproj", "{178DF1E3-8F41-47F2-9C48-D8913311519E}"
EndProject
Project("{2150E333-8FDC-42A3-9474-1A3956D46DE8}") = "chapter05", "chapter05", "{F392E165-5A2E-4327-9BE0-9EEA284006CF}"
EndProject
Project("{FAE04EC0-301F-11D3-BF4B-00C04F79EFBC}") = "IfElse", "example\chapter05\IfElse\IfElse.csproj", "{7DBC6649-21D1-4AF8-BFBF-D6CE0BD85583}"
EndProject
Project("{FAE04EC0-301F-11D3-BF4B-00C04F79EFBC}") = "IfIf", "example\chapter05\IfIf\IfIf.csproj", "{26772311-5E34-415F-A0F8-86ED549A98E9}"
EndProject
Project("{FAE04EC0-301F-11D3-BF4B-00C04F79EFBC}") = "Switch", "example\chapter05\Switch\Switch.csproj", "{854A35AD-653B-4C05-8B04-1D8A205BC022}"
EndProject
Project("{FAE04EC0-301F-11D3-BF4B-00C04F79EFBC}") = "Switch2", "example\chapter05\Switch2\Switch2.csproj", "{09BEFD66-1E0A-497E-8498-E02BE24CACF4}"
EndProject
Project("{FAE04EC0-301F-11D3-BF4B-00C04F79EFBC}") = "SwitchExp", "example\chapter05\SwitchExp\SwitchExp.csproj", "{F7DF6C52-CC4B-4704-8FD1-51DFFCFCB7B8}"
EndProject
Project("{FAE04EC0-301F-11D3-BF4B-00C04F79EFBC}") = "While", "example\chapter05\While\While.csproj", "{E0D07D27-F22D-48E3-8253-DE1A285DDE55}"
EndProject
Project("{FAE04EC0-301F-11D3-BF4B-00C04F79EFBC}") = "DoWhile", "example\chapter05\DoWhile\DoWhile.csproj", "{42320501-7E2A-4F36-A4A9-806C0022CF0F}"
EndProject
Project("{FAE04EC0-301F-11D3-BF4B-00C04F79EFBC}") = "For", "example\chapter05\For\For.csproj", "{92AC7693-8786-42DD-865F-4F485ADBF55C}"
EndProject
Project("{FAE04EC0-301F-11D3-BF4B-00C04F79EFBC}") = "ForFor", "example\chapter05\ForFor\ForFor.csproj", "{15FD01AC-1304-4A7E-AAB6-4B54AB8C3D86}"
EndProject
Project("{FAE04EC0-301F-11D3-BF4B-00C04F79EFBC}") = "ForEach", "example\chapter05\ForEach\ForEach.csproj", "{F53A5E16-93A4-4992-AC65-7400518232B3}"
EndProject
Project("{FAE04EC0-301F-11D3-BF4B-00C04F79EFBC}") = "InfiniteFor", "example\chapter05\InfiniteFor\InfiniteFor.csproj", "{41E2488A-3843-4F20-A9AA-9D197E0B25A3}"
EndProject
Project("{FAE04EC0-301F-11D3-BF4B-00C04F79EFBC}") = "InfiniteWhile", "example\chapter05\InfiniteWhile\InfiniteWhile.csproj", "{77F32F6F-71F1-49C8-BC80-693B079B8EC8}"
EndProject
Project("{FAE04EC0-301F-11D3-BF4B-00C04F79EFBC}") = "Break", "example\chapter05\Break\Break.csproj", "{08973F20-2978-4765-8E2D-726F1E46F3D3}"
EndProject
Project("{FAE04EC0-301F-11D3-BF4B-00C04F79EFBC}") = "Continue", "example\chapter05\Continue\Continue.csproj", "{06DFECAB-C174-4C0D-983F-DA5949E17880}"
EndProject
Project("{FAE04EC0-301F-11D3-BF4B-00C04F79EFBC}") = "Goto", "example\chapter05\Goto\Goto.csproj", "{FCED81A8-B1DD-4669-8BD9-BAD6C270D824}"
EndProject
Project("{2150E333-8FDC-42A3-9474-1A3956D46DE8}") = "chapter05", "chapter05", "{B70029EB-FF0F-472D-BD78-E4D82728B690}"
EndProject
Project("{FAE04EC0-301F-11D3-BF4B-00C04F79EFBC}") = "exercise01", "exercise\chapter05\exercise01\exercise01.csproj", "{D7220FDF-4CEA-4CF6-8817-63108D46AD10}"
EndProject
Project("{FAE04EC0-301F-11D3-BF4B-00C04F79EFBC}") = "exercise02", "exercise\chapter05\exercise02\exercise02.csproj", "{F052DE28-7EE4-4A82-8FED-360944361FAD}"
EndProject
Project("{FAE04EC0-301F-11D3-BF4B-00C04F79EFBC}") = "exercise03_1", "exercise\chapter05\exercise03_1\exercise03_1.csproj", "{629BB1A8-D35C-46EC-97F0-0C755C2D56AE}"
EndProject
Project("{FAE04EC0-301F-11D3-BF4B-00C04F79EFBC}") = "exercise03_2", "exercise\chapter05\exercise03_2\exercise03_2.csproj", "{FCA08593-A8BE-42BA-862A-271B1142639D}"
EndProject
Project("{FAE04EC0-301F-11D3-BF4B-00C04F79EFBC}") = "exercise04", "exercise\chapter05\exercise04\exercise04.csproj", "{35B8695A-9DFF-4423-B82E-5374B3E1C8DB}"
EndProject
Global
	GlobalSection(SolutionConfigurationPlatforms) = preSolution
		Debug|Any CPU = Debug|Any CPU
		Release|Any CPU = Release|Any CPU
	EndGlobalSection
	GlobalSection(ProjectConfigurationPlatforms) = postSolution
		{0105E15C-B3B1-4B50-9D95-4C43C4C01CFD}.Debug|Any CPU.ActiveCfg = Debug|Any CPU
		{0105E15C-B3B1-4B50-9D95-4C43C4C01CFD}.Debug|Any CPU.Build.0 = Debug|Any CPU
		{0105E15C-B3B1-4B50-9D95-4C43C4C01CFD}.Release|Any CPU.ActiveCfg = Release|Any CPU
		{0105E15C-B3B1-4B50-9D95-4C43C4C01CFD}.Release|Any CPU.Build.0 = Release|Any CPU
		{3B653CD8-1C18-42B1-880D-762B5787AEA3}.Debug|Any CPU.ActiveCfg = Debug|Any CPU
		{3B653CD8-1C18-42B1-880D-762B5787AEA3}.Debug|Any CPU.Build.0 = Debug|Any CPU
		{3B653CD8-1C18-42B1-880D-762B5787AEA3}.Release|Any CPU.ActiveCfg = Release|Any CPU
		{3B653CD8-1C18-42B1-880D-762B5787AEA3}.Release|Any CPU.Build.0 = Release|Any CPU
		{C279E6F7-041A-4CFE-B60F-9D7EDB083777}.Debug|Any CPU.ActiveCfg = Debug|Any CPU
		{C279E6F7-041A-4CFE-B60F-9D7EDB083777}.Debug|Any CPU.Build.0 = Debug|Any CPU
		{C279E6F7-041A-4CFE-B60F-9D7EDB083777}.Release|Any CPU.ActiveCfg = Release|Any CPU
		{C279E6F7-041A-4CFE-B60F-9D7EDB083777}.Release|Any CPU.Build.0 = Release|Any CPU
		{2EAC2A13-B2DF-4911-9124-1DB97EB2073F}.Debug|Any CPU.ActiveCfg = Debug|Any CPU
		{2EAC2A13-B2DF-4911-9124-1DB97EB2073F}.Debug|Any CPU.Build.0 = Debug|Any CPU
		{2EAC2A13-B2DF-4911-9124-1DB97EB2073F}.Release|Any CPU.ActiveCfg = Release|Any CPU
		{2EAC2A13-B2DF-4911-9124-1DB97EB2073F}.Release|Any CPU.Build.0 = Release|Any CPU
		{CF63308E-2B32-4D45-ADAA-6BCB783C1D2E}.Debug|Any CPU.ActiveCfg = Debug|Any CPU
		{CF63308E-2B32-4D45-ADAA-6BCB783C1D2E}.Debug|Any CPU.Build.0 = Debug|Any CPU
		{CF63308E-2B32-4D45-ADAA-6BCB783C1D2E}.Release|Any CPU.ActiveCfg = Release|Any CPU
		{CF63308E-2B32-4D45-ADAA-6BCB783C1D2E}.Release|Any CPU.Build.0 = Release|Any CPU
		{914CE4D7-C4C6-4DF6-BF4A-07C9353B901B}.Debug|Any CPU.ActiveCfg = Debug|Any CPU
		{914CE4D7-C4C6-4DF6-BF4A-07C9353B901B}.Debug|Any CPU.Build.0 = Debug|Any CPU
		{914CE4D7-C4C6-4DF6-BF4A-07C9353B901B}.Release|Any CPU.ActiveCfg = Release|Any CPU
		{914CE4D7-C4C6-4DF6-BF4A-07C9353B901B}.Release|Any CPU.Build.0 = Release|Any CPU
		{75D3217C-5D05-462C-8F78-BBB00517FEC5}.Debug|Any CPU.ActiveCfg = Debug|Any CPU
		{75D3217C-5D05-462C-8F78-BBB00517FEC5}.Debug|Any CPU.Build.0 = Debug|Any CPU
		{75D3217C-5D05-462C-8F78-BBB00517FEC5}.Release|Any CPU.ActiveCfg = Release|Any CPU
		{75D3217C-5D05-462C-8F78-BBB00517FEC5}.Release|Any CPU.Build.0 = Release|Any CPU
		{9B3410F3-9CB4-4924-9621-A780245B7F69}.Debug|Any CPU.ActiveCfg = Debug|Any CPU
		{9B3410F3-9CB4-4924-9621-A780245B7F69}.Debug|Any CPU.Build.0 = Debug|Any CPU
		{9B3410F3-9CB4-4924-9621-A780245B7F69}.Release|Any CPU.ActiveCfg = Release|Any CPU
		{9B3410F3-9CB4-4924-9621-A780245B7F69}.Release|Any CPU.Build.0 = Release|Any CPU
		{99D035B1-DEDE-4CDB-9977-C57AC39B79C6}.Debug|Any CPU.ActiveCfg = Debug|Any CPU
		{99D035B1-DEDE-4CDB-9977-C57AC39B79C6}.Debug|Any CPU.Build.0 = Debug|Any CPU
		{99D035B1-DEDE-4CDB-9977-C57AC39B79C6}.Release|Any CPU.ActiveCfg = Release|Any CPU
		{99D035B1-DEDE-4CDB-9977-C57AC39B79C6}.Release|Any CPU.Build.0 = Release|Any CPU
		{8B5D202F-DA1A-4820-8170-FD4AE252841C}.Debug|Any CPU.ActiveCfg = Debug|Any CPU
		{8B5D202F-DA1A-4820-8170-FD4AE252841C}.Debug|Any CPU.Build.0 = Debug|Any CPU
		{8B5D202F-DA1A-4820-8170-FD4AE252841C}.Release|Any CPU.ActiveCfg = Release|Any CPU
		{8B5D202F-DA1A-4820-8170-FD4AE252841C}.Release|Any CPU.Build.0 = Release|Any CPU
		{F844BDEB-DBBD-43D8-AA9D-8413018AC050}.Debug|Any CPU.ActiveCfg = Debug|Any CPU
		{F844BDEB-DBBD-43D8-AA9D-8413018AC050}.Debug|Any CPU.Build.0 = Debug|Any CPU
		{F844BDEB-DBBD-43D8-AA9D-8413018AC050}.Release|Any CPU.ActiveCfg = Release|Any CPU
		{F844BDEB-DBBD-43D8-AA9D-8413018AC050}.Release|Any CPU.Build.0 = Release|Any CPU
		{FBEB9791-03AE-402D-8F30-63B03F6B74F8}.Debug|Any CPU.ActiveCfg = Debug|Any CPU
		{FBEB9791-03AE-402D-8F30-63B03F6B74F8}.Debug|Any CPU.Build.0 = Debug|Any CPU
		{FBEB9791-03AE-402D-8F30-63B03F6B74F8}.Release|Any CPU.ActiveCfg = Release|Any CPU
		{FBEB9791-03AE-402D-8F30-63B03F6B74F8}.Release|Any CPU.Build.0 = Release|Any CPU
		{893B4835-423A-4E82-9277-8CE418ACB71D}.Debug|Any CPU.ActiveCfg = Debug|Any CPU
		{893B4835-423A-4E82-9277-8CE418ACB71D}.Debug|Any CPU.Build.0 = Debug|Any CPU
		{893B4835-423A-4E82-9277-8CE418ACB71D}.Release|Any CPU.ActiveCfg = Release|Any CPU
		{893B4835-423A-4E82-9277-8CE418ACB71D}.Release|Any CPU.Build.0 = Release|Any CPU
		{524EB73A-420F-4F3E-9AC7-5D0D5A0435BD}.Debug|Any CPU.ActiveCfg = Debug|Any CPU
		{524EB73A-420F-4F3E-9AC7-5D0D5A0435BD}.Debug|Any CPU.Build.0 = Debug|Any CPU
		{524EB73A-420F-4F3E-9AC7-5D0D5A0435BD}.Release|Any CPU.ActiveCfg = Release|Any CPU
		{524EB73A-420F-4F3E-9AC7-5D0D5A0435BD}.Release|Any CPU.Build.0 = Release|Any CPU
		{D0980115-E42A-4351-B89F-6DB29A278E61}.Debug|Any CPU.ActiveCfg = Debug|Any CPU
		{D0980115-E42A-4351-B89F-6DB29A278E61}.Debug|Any CPU.Build.0 = Debug|Any CPU
		{D0980115-E42A-4351-B89F-6DB29A278E61}.Release|Any CPU.ActiveCfg = Release|Any CPU
		{D0980115-E42A-4351-B89F-6DB29A278E61}.Release|Any CPU.Build.0 = Release|Any CPU
		{B4A51620-103E-4214-B8E3-A2C70AB44709}.Debug|Any CPU.ActiveCfg = Debug|Any CPU
		{B4A51620-103E-4214-B8E3-A2C70AB44709}.Debug|Any CPU.Build.0 = Debug|Any CPU
		{B4A51620-103E-4214-B8E3-A2C70AB44709}.Release|Any CPU.ActiveCfg = Release|Any CPU
		{B4A51620-103E-4214-B8E3-A2C70AB44709}.Release|Any CPU.Build.0 = Release|Any CPU
		{B26AFA4F-73B1-4B91-9BA6-DE36A859B35C}.Debug|Any CPU.ActiveCfg = Debug|Any CPU
		{B26AFA4F-73B1-4B91-9BA6-DE36A859B35C}.Debug|Any CPU.Build.0 = Debug|Any CPU
		{B26AFA4F-73B1-4B91-9BA6-DE36A859B35C}.Release|Any CPU.ActiveCfg = Release|Any CPU
		{B26AFA4F-73B1-4B91-9BA6-DE36A859B35C}.Release|Any CPU.Build.0 = Release|Any CPU
		{433B0382-823E-4B6B-9A56-EEE9320525A0}.Debug|Any CPU.ActiveCfg = Debug|Any CPU
		{433B0382-823E-4B6B-9A56-EEE9320525A0}.Debug|Any CPU.Build.0 = Debug|Any CPU
		{433B0382-823E-4B6B-9A56-EEE9320525A0}.Release|Any CPU.ActiveCfg = Release|Any CPU
		{433B0382-823E-4B6B-9A56-EEE9320525A0}.Release|Any CPU.Build.0 = Release|Any CPU
		{AE99AC67-D29D-4B56-B951-B692BAD281A7}.Debug|Any CPU.ActiveCfg = Debug|Any CPU
		{AE99AC67-D29D-4B56-B951-B692BAD281A7}.Debug|Any CPU.Build.0 = Debug|Any CPU
		{AE99AC67-D29D-4B56-B951-B692BAD281A7}.Release|Any CPU.ActiveCfg = Release|Any CPU
		{AE99AC67-D29D-4B56-B951-B692BAD281A7}.Release|Any CPU.Build.0 = Release|Any CPU
		{3DD31691-BABE-4911-89D2-DEEB1ED71BCF}.Debug|Any CPU.ActiveCfg = Debug|Any CPU
		{3DD31691-BABE-4911-89D2-DEEB1ED71BCF}.Debug|Any CPU.Build.0 = Debug|Any CPU
		{3DD31691-BABE-4911-89D2-DEEB1ED71BCF}.Release|Any CPU.ActiveCfg = Release|Any CPU
		{3DD31691-BABE-4911-89D2-DEEB1ED71BCF}.Release|Any CPU.Build.0 = Release|Any CPU
		{3CE380B2-286E-48DE-8C38-054F382F1721}.Debug|Any CPU.ActiveCfg = Debug|Any CPU
		{3CE380B2-286E-48DE-8C38-054F382F1721}.Debug|Any CPU.Build.0 = Debug|Any CPU
		{3CE380B2-286E-48DE-8C38-054F382F1721}.Release|Any CPU.ActiveCfg = Release|Any CPU
		{3CE380B2-286E-48DE-8C38-054F382F1721}.Release|Any CPU.Build.0 = Release|Any CPU
		{023A5105-05A8-4712-86BA-733B28FC4974}.Debug|Any CPU.ActiveCfg = Debug|Any CPU
		{023A5105-05A8-4712-86BA-733B28FC4974}.Debug|Any CPU.Build.0 = Debug|Any CPU
		{023A5105-05A8-4712-86BA-733B28FC4974}.Release|Any CPU.ActiveCfg = Release|Any CPU
		{023A5105-05A8-4712-86BA-733B28FC4974}.Release|Any CPU.Build.0 = Release|Any CPU
		{C9E94E05-83C5-450F-8839-C18759F7FE94}.Debug|Any CPU.ActiveCfg = Debug|Any CPU
		{C9E94E05-83C5-450F-8839-C18759F7FE94}.Debug|Any CPU.Build.0 = Debug|Any CPU
		{C9E94E05-83C5-450F-8839-C18759F7FE94}.Release|Any CPU.ActiveCfg = Release|Any CPU
		{C9E94E05-83C5-450F-8839-C18759F7FE94}.Release|Any CPU.Build.0 = Release|Any CPU
		{E19FBB67-CBB0-48FC-9746-4F44EB4D22A3}.Debug|Any CPU.ActiveCfg = Debug|Any CPU
		{E19FBB67-CBB0-48FC-9746-4F44EB4D22A3}.Debug|Any CPU.Build.0 = Debug|Any CPU
		{E19FBB67-CBB0-48FC-9746-4F44EB4D22A3}.Release|Any CPU.ActiveCfg = Release|Any CPU
		{E19FBB67-CBB0-48FC-9746-4F44EB4D22A3}.Release|Any CPU.Build.0 = Release|Any CPU
		{78128F8B-D410-4005-A4F7-C83D5D05B8BC}.Debug|Any CPU.ActiveCfg = Debug|Any CPU
		{78128F8B-D410-4005-A4F7-C83D5D05B8BC}.Debug|Any CPU.Build.0 = Debug|Any CPU
		{78128F8B-D410-4005-A4F7-C83D5D05B8BC}.Release|Any CPU.ActiveCfg = Release|Any CPU
		{78128F8B-D410-4005-A4F7-C83D5D05B8BC}.Release|Any CPU.Build.0 = Release|Any CPU
		{EF4E25BD-B49C-458A-9788-378A0EDE1DE8}.Debug|Any CPU.ActiveCfg = Debug|Any CPU
		{EF4E25BD-B49C-458A-9788-378A0EDE1DE8}.Debug|Any CPU.Build.0 = Debug|Any CPU
		{EF4E25BD-B49C-458A-9788-378A0EDE1DE8}.Release|Any CPU.ActiveCfg = Release|Any CPU
		{EF4E25BD-B49C-458A-9788-378A0EDE1DE8}.Release|Any CPU.Build.0 = Release|Any CPU
		{8E7995AF-92F0-4143-9FD6-BB66CCA3851A}.Debug|Any CPU.ActiveCfg = Debug|Any CPU
		{8E7995AF-92F0-4143-9FD6-BB66CCA3851A}.Debug|Any CPU.Build.0 = Debug|Any CPU
		{8E7995AF-92F0-4143-9FD6-BB66CCA3851A}.Release|Any CPU.ActiveCfg = Release|Any CPU
		{8E7995AF-92F0-4143-9FD6-BB66CCA3851A}.Release|Any CPU.Build.0 = Release|Any CPU
		{95EDB3C4-5A1B-4E84-9542-90E724CE0A29}.Debug|Any CPU.ActiveCfg = Debug|Any CPU
		{95EDB3C4-5A1B-4E84-9542-90E724CE0A29}.Debug|Any CPU.Build.0 = Debug|Any CPU
		{95EDB3C4-5A1B-4E84-9542-90E724CE0A29}.Release|Any CPU.ActiveCfg = Release|Any CPU
		{95EDB3C4-5A1B-4E84-9542-90E724CE0A29}.Release|Any CPU.Build.0 = Release|Any CPU
		{A06DC53E-76E8-40BD-B7AF-8CC278329720}.Debug|Any CPU.ActiveCfg = Debug|Any CPU
		{A06DC53E-76E8-40BD-B7AF-8CC278329720}.Debug|Any CPU.Build.0 = Debug|Any CPU
		{A06DC53E-76E8-40BD-B7AF-8CC278329720}.Release|Any CPU.ActiveCfg = Release|Any CPU
		{A06DC53E-76E8-40BD-B7AF-8CC278329720}.Release|Any CPU.Build.0 = Release|Any CPU
		{ACD8954E-3E3D-4898-956C-4649DF771BBC}.Debug|Any CPU.ActiveCfg = Debug|Any CPU
		{ACD8954E-3E3D-4898-956C-4649DF771BBC}.Debug|Any CPU.Build.0 = Debug|Any CPU
		{ACD8954E-3E3D-4898-956C-4649DF771BBC}.Release|Any CPU.ActiveCfg = Release|Any CPU
		{ACD8954E-3E3D-4898-956C-4649DF771BBC}.Release|Any CPU.Build.0 = Release|Any CPU
		{03D31E51-3390-4606-9B0D-32935267FB47}.Debug|Any CPU.ActiveCfg = Debug|Any CPU
		{03D31E51-3390-4606-9B0D-32935267FB47}.Debug|Any CPU.Build.0 = Debug|Any CPU
		{03D31E51-3390-4606-9B0D-32935267FB47}.Release|Any CPU.ActiveCfg = Release|Any CPU
		{03D31E51-3390-4606-9B0D-32935267FB47}.Release|Any CPU.Build.0 = Release|Any CPU
		{270449BF-6976-470E-A3A9-A98CDFAE84F4}.Debug|Any CPU.ActiveCfg = Debug|Any CPU
		{270449BF-6976-470E-A3A9-A98CDFAE84F4}.Debug|Any CPU.Build.0 = Debug|Any CPU
		{270449BF-6976-470E-A3A9-A98CDFAE84F4}.Release|Any CPU.ActiveCfg = Release|Any CPU
		{270449BF-6976-470E-A3A9-A98CDFAE84F4}.Release|Any CPU.Build.0 = Release|Any CPU
		{377AFA74-378C-4BFC-8B49-0F77FF48ED22}.Debug|Any CPU.ActiveCfg = Debug|Any CPU
		{377AFA74-378C-4BFC-8B49-0F77FF48ED22}.Debug|Any CPU.Build.0 = Debug|Any CPU
		{377AFA74-378C-4BFC-8B49-0F77FF48ED22}.Release|Any CPU.ActiveCfg = Release|Any CPU
		{377AFA74-378C-4BFC-8B49-0F77FF48ED22}.Release|Any CPU.Build.0 = Release|Any CPU
		{EE20B2C7-D8D1-4F6A-8F9C-B90D6AAE5510}.Debug|Any CPU.ActiveCfg = Debug|Any CPU
		{EE20B2C7-D8D1-4F6A-8F9C-B90D6AAE5510}.Debug|Any CPU.Build.0 = Debug|Any CPU
		{EE20B2C7-D8D1-4F6A-8F9C-B90D6AAE5510}.Release|Any CPU.ActiveCfg = Release|Any CPU
		{EE20B2C7-D8D1-4F6A-8F9C-B90D6AAE5510}.Release|Any CPU.Build.0 = Release|Any CPU
		{34B050C7-4EE0-44EF-9B67-AC29EB4FE570}.Debug|Any CPU.ActiveCfg = Debug|Any CPU
		{34B050C7-4EE0-44EF-9B67-AC29EB4FE570}.Debug|Any CPU.Build.0 = Debug|Any CPU
		{34B050C7-4EE0-44EF-9B67-AC29EB4FE570}.Release|Any CPU.ActiveCfg = Release|Any CPU
		{34B050C7-4EE0-44EF-9B67-AC29EB4FE570}.Release|Any CPU.Build.0 = Release|Any CPU
		{81295499-DED2-4161-8B4E-9418176E75E3}.Debug|Any CPU.ActiveCfg = Debug|Any CPU
		{81295499-DED2-4161-8B4E-9418176E75E3}.Debug|Any CPU.Build.0 = Debug|Any CPU
		{81295499-DED2-4161-8B4E-9418176E75E3}.Release|Any CPU.ActiveCfg = Release|Any CPU
		{81295499-DED2-4161-8B4E-9418176E75E3}.Release|Any CPU.Build.0 = Release|Any CPU
		{6B310B97-C911-400E-8A8E-BA48D7C4ED66}.Debug|Any CPU.ActiveCfg = Debug|Any CPU
		{6B310B97-C911-400E-8A8E-BA48D7C4ED66}.Debug|Any CPU.Build.0 = Debug|Any CPU
		{6B310B97-C911-400E-8A8E-BA48D7C4ED66}.Release|Any CPU.ActiveCfg = Release|Any CPU
		{6B310B97-C911-400E-8A8E-BA48D7C4ED66}.Release|Any CPU.Build.0 = Release|Any CPU
		{F07A2F75-733A-4A37-A3BC-63BC12766579}.Debug|Any CPU.ActiveCfg = Debug|Any CPU
		{F07A2F75-733A-4A37-A3BC-63BC12766579}.Debug|Any CPU.Build.0 = Debug|Any CPU
		{F07A2F75-733A-4A37-A3BC-63BC12766579}.Release|Any CPU.ActiveCfg = Release|Any CPU
		{F07A2F75-733A-4A37-A3BC-63BC12766579}.Release|Any CPU.Build.0 = Release|Any CPU
		{9F6C8634-6E87-4C4D-A6F9-2EA17B55176F}.Debug|Any CPU.ActiveCfg = Debug|Any CPU
		{9F6C8634-6E87-4C4D-A6F9-2EA17B55176F}.Debug|Any CPU.Build.0 = Debug|Any CPU
		{9F6C8634-6E87-4C4D-A6F9-2EA17B55176F}.Release|Any CPU.ActiveCfg = Release|Any CPU
		{9F6C8634-6E87-4C4D-A6F9-2EA17B55176F}.Release|Any CPU.Build.0 = Release|Any CPU
		{70352503-1ADF-4200-BFFD-A30F77903AAB}.Debug|Any CPU.ActiveCfg = Debug|Any CPU
		{70352503-1ADF-4200-BFFD-A30F77903AAB}.Debug|Any CPU.Build.0 = Debug|Any CPU
		{70352503-1ADF-4200-BFFD-A30F77903AAB}.Release|Any CPU.ActiveCfg = Release|Any CPU
		{70352503-1ADF-4200-BFFD-A30F77903AAB}.Release|Any CPU.Build.0 = Release|Any CPU
		{3A0022C9-D97D-4D36-9AC2-7CBFEA68F277}.Debug|Any CPU.ActiveCfg = Debug|Any CPU
		{3A0022C9-D97D-4D36-9AC2-7CBFEA68F277}.Debug|Any CPU.Build.0 = Debug|Any CPU
		{3A0022C9-D97D-4D36-9AC2-7CBFEA68F277}.Release|Any CPU.ActiveCfg = Release|Any CPU
		{3A0022C9-D97D-4D36-9AC2-7CBFEA68F277}.Release|Any CPU.Build.0 = Release|Any CPU
		{E506C3C0-8482-4D8C-A1AF-E312ABC39D99}.Debug|Any CPU.ActiveCfg = Debug|Any CPU
		{E506C3C0-8482-4D8C-A1AF-E312ABC39D99}.Debug|Any CPU.Build.0 = Debug|Any CPU
		{E506C3C0-8482-4D8C-A1AF-E312ABC39D99}.Release|Any CPU.ActiveCfg = Release|Any CPU
		{E506C3C0-8482-4D8C-A1AF-E312ABC39D99}.Release|Any CPU.Build.0 = Release|Any CPU
		{E2709CD1-0B02-4BE0-8EEB-6D2141581467}.Debug|Any CPU.ActiveCfg = Debug|Any CPU
		{E2709CD1-0B02-4BE0-8EEB-6D2141581467}.Debug|Any CPU.Build.0 = Debug|Any CPU
		{E2709CD1-0B02-4BE0-8EEB-6D2141581467}.Release|Any CPU.ActiveCfg = Release|Any CPU
		{E2709CD1-0B02-4BE0-8EEB-6D2141581467}.Release|Any CPU.Build.0 = Release|Any CPU
		{D0A8149F-E78E-4394-95F7-ADA9F9A5A0C4}.Debug|Any CPU.ActiveCfg = Debug|Any CPU
		{D0A8149F-E78E-4394-95F7-ADA9F9A5A0C4}.Debug|Any CPU.Build.0 = Debug|Any CPU
		{D0A8149F-E78E-4394-95F7-ADA9F9A5A0C4}.Release|Any CPU.ActiveCfg = Release|Any CPU
		{D0A8149F-E78E-4394-95F7-ADA9F9A5A0C4}.Release|Any CPU.Build.0 = Release|Any CPU
		{473E90EB-A30A-425B-BD3A-E5EA61CB3247}.Debug|Any CPU.ActiveCfg = Debug|Any CPU
		{473E90EB-A30A-425B-BD3A-E5EA61CB3247}.Debug|Any CPU.Build.0 = Debug|Any CPU
		{473E90EB-A30A-425B-BD3A-E5EA61CB3247}.Release|Any CPU.ActiveCfg = Release|Any CPU
		{473E90EB-A30A-425B-BD3A-E5EA61CB3247}.Release|Any CPU.Build.0 = Release|Any CPU
		{DFDA22F5-F116-4586-ACF5-2FDFD0D92199}.Debug|Any CPU.ActiveCfg = Debug|Any CPU
		{DFDA22F5-F116-4586-ACF5-2FDFD0D92199}.Debug|Any CPU.Build.0 = Debug|Any CPU
		{DFDA22F5-F116-4586-ACF5-2FDFD0D92199}.Release|Any CPU.ActiveCfg = Release|Any CPU
		{DFDA22F5-F116-4586-ACF5-2FDFD0D92199}.Release|Any CPU.Build.0 = Release|Any CPU
		{178DF1E3-8F41-47F2-9C48-D8913311519E}.Debug|Any CPU.ActiveCfg = Debug|Any CPU
		{178DF1E3-8F41-47F2-9C48-D8913311519E}.Debug|Any CPU.Build.0 = Debug|Any CPU
		{178DF1E3-8F41-47F2-9C48-D8913311519E}.Release|Any CPU.ActiveCfg = Release|Any CPU
		{178DF1E3-8F41-47F2-9C48-D8913311519E}.Release|Any CPU.Build.0 = Release|Any CPU
		{7DBC6649-21D1-4AF8-BFBF-D6CE0BD85583}.Debug|Any CPU.ActiveCfg = Debug|Any CPU
		{7DBC6649-21D1-4AF8-BFBF-D6CE0BD85583}.Debug|Any CPU.Build.0 = Debug|Any CPU
		{7DBC6649-21D1-4AF8-BFBF-D6CE0BD85583}.Release|Any CPU.ActiveCfg = Release|Any CPU
		{7DBC6649-21D1-4AF8-BFBF-D6CE0BD85583}.Release|Any CPU.Build.0 = Release|Any CPU
		{26772311-5E34-415F-A0F8-86ED549A98E9}.Debug|Any CPU.ActiveCfg = Debug|Any CPU
		{26772311-5E34-415F-A0F8-86ED549A98E9}.Debug|Any CPU.Build.0 = Debug|Any CPU
		{26772311-5E34-415F-A0F8-86ED549A98E9}.Release|Any CPU.ActiveCfg = Release|Any CPU
		{26772311-5E34-415F-A0F8-86ED549A98E9}.Release|Any CPU.Build.0 = Release|Any CPU
		{854A35AD-653B-4C05-8B04-1D8A205BC022}.Debug|Any CPU.ActiveCfg = Debug|Any CPU
		{854A35AD-653B-4C05-8B04-1D8A205BC022}.Debug|Any CPU.Build.0 = Debug|Any CPU
		{854A35AD-653B-4C05-8B04-1D8A205BC022}.Release|Any CPU.ActiveCfg = Release|Any CPU
		{854A35AD-653B-4C05-8B04-1D8A205BC022}.Release|Any CPU.Build.0 = Release|Any CPU
		{09BEFD66-1E0A-497E-8498-E02BE24CACF4}.Debug|Any CPU.ActiveCfg = Debug|Any CPU
		{09BEFD66-1E0A-497E-8498-E02BE24CACF4}.Debug|Any CPU.Build.0 = Debug|Any CPU
		{09BEFD66-1E0A-497E-8498-E02BE24CACF4}.Release|Any CPU.ActiveCfg = Release|Any CPU
		{09BEFD66-1E0A-497E-8498-E02BE24CACF4}.Release|Any CPU.Build.0 = Release|Any CPU
		{F7DF6C52-CC4B-4704-8FD1-51DFFCFCB7B8}.Debug|Any CPU.ActiveCfg = Debug|Any CPU
		{F7DF6C52-CC4B-4704-8FD1-51DFFCFCB7B8}.Debug|Any CPU.Build.0 = Debug|Any CPU
		{F7DF6C52-CC4B-4704-8FD1-51DFFCFCB7B8}.Release|Any CPU.ActiveCfg = Release|Any CPU
		{F7DF6C52-CC4B-4704-8FD1-51DFFCFCB7B8}.Release|Any CPU.Build.0 = Release|Any CPU
		{E0D07D27-F22D-48E3-8253-DE1A285DDE55}.Debug|Any CPU.ActiveCfg = Debug|Any CPU
		{E0D07D27-F22D-48E3-8253-DE1A285DDE55}.Debug|Any CPU.Build.0 = Debug|Any CPU
		{E0D07D27-F22D-48E3-8253-DE1A285DDE55}.Release|Any CPU.ActiveCfg = Release|Any CPU
		{E0D07D27-F22D-48E3-8253-DE1A285DDE55}.Release|Any CPU.Build.0 = Release|Any CPU
		{42320501-7E2A-4F36-A4A9-806C0022CF0F}.Debug|Any CPU.ActiveCfg = Debug|Any CPU
		{42320501-7E2A-4F36-A4A9-806C0022CF0F}.Debug|Any CPU.Build.0 = Debug|Any CPU
		{42320501-7E2A-4F36-A4A9-806C0022CF0F}.Release|Any CPU.ActiveCfg = Release|Any CPU
		{42320501-7E2A-4F36-A4A9-806C0022CF0F}.Release|Any CPU.Build.0 = Release|Any CPU
		{92AC7693-8786-42DD-865F-4F485ADBF55C}.Debug|Any CPU.ActiveCfg = Debug|Any CPU
		{92AC7693-8786-42DD-865F-4F485ADBF55C}.Debug|Any CPU.Build.0 = Debug|Any CPU
		{92AC7693-8786-42DD-865F-4F485ADBF55C}.Release|Any CPU.ActiveCfg = Release|Any CPU
		{92AC7693-8786-42DD-865F-4F485ADBF55C}.Release|Any CPU.Build.0 = Release|Any CPU
		{15FD01AC-1304-4A7E-AAB6-4B54AB8C3D86}.Debug|Any CPU.ActiveCfg = Debug|Any CPU
		{15FD01AC-1304-4A7E-AAB6-4B54AB8C3D86}.Debug|Any CPU.Build.0 = Debug|Any CPU
		{15FD01AC-1304-4A7E-AAB6-4B54AB8C3D86}.Release|Any CPU.ActiveCfg = Release|Any CPU
		{15FD01AC-1304-4A7E-AAB6-4B54AB8C3D86}.Release|Any CPU.Build.0 = Release|Any CPU
		{F53A5E16-93A4-4992-AC65-7400518232B3}.Debug|Any CPU.ActiveCfg = Debug|Any CPU
		{F53A5E16-93A4-4992-AC65-7400518232B3}.Debug|Any CPU.Build.0 = Debug|Any CPU
		{F53A5E16-93A4-4992-AC65-7400518232B3}.Release|Any CPU.ActiveCfg = Release|Any CPU
		{F53A5E16-93A4-4992-AC65-7400518232B3}.Release|Any CPU.Build.0 = Release|Any CPU
		{41E2488A-3843-4F20-A9AA-9D197E0B25A3}.Debug|Any CPU.ActiveCfg = Debug|Any CPU
		{41E2488A-3843-4F20-A9AA-9D197E0B25A3}.Debug|Any CPU.Build.0 = Debug|Any CPU
		{41E2488A-3843-4F20-A9AA-9D197E0B25A3}.Release|Any CPU.ActiveCfg = Release|Any CPU
		{41E2488A-3843-4F20-A9AA-9D197E0B25A3}.Release|Any CPU.Build.0 = Release|Any CPU
		{77F32F6F-71F1-49C8-BC80-693B079B8EC8}.Debug|Any CPU.ActiveCfg = Debug|Any CPU
		{77F32F6F-71F1-49C8-BC80-693B079B8EC8}.Debug|Any CPU.Build.0 = Debug|Any CPU
		{77F32F6F-71F1-49C8-BC80-693B079B8EC8}.Release|Any CPU.ActiveCfg = Release|Any CPU
		{77F32F6F-71F1-49C8-BC80-693B079B8EC8}.Release|Any CPU.Build.0 = Release|Any CPU
		{08973F20-2978-4765-8E2D-726F1E46F3D3}.Debug|Any CPU.ActiveCfg = Debug|Any CPU
		{08973F20-2978-4765-8E2D-726F1E46F3D3}.Debug|Any CPU.Build.0 = Debug|Any CPU
		{08973F20-2978-4765-8E2D-726F1E46F3D3}.Release|Any CPU.ActiveCfg = Release|Any CPU
		{08973F20-2978-4765-8E2D-726F1E46F3D3}.Release|Any CPU.Build.0 = Release|Any CPU
		{06DFECAB-C174-4C0D-983F-DA5949E17880}.Debug|Any CPU.ActiveCfg = Debug|Any CPU
		{06DFECAB-C174-4C0D-983F-DA5949E17880}.Debug|Any CPU.Build.0 = Debug|Any CPU
		{06DFECAB-C174-4C0D-983F-DA5949E17880}.Release|Any CPU.ActiveCfg = Release|Any CPU
		{06DFECAB-C174-4C0D-983F-DA5949E17880}.Release|Any CPU.Build.0 = Release|Any CPU
		{FCED81A8-B1DD-4669-8BD9-BAD6C270D824}.Debug|Any CPU.ActiveCfg = Debug|Any CPU
		{FCED81A8-B1DD-4669-8BD9-BAD6C270D824}.Debug|Any CPU.Build.0 = Debug|Any CPU
		{FCED81A8-B1DD-4669-8BD9-BAD6C270D824}.Release|Any CPU.ActiveCfg = Release|Any CPU
		{FCED81A8-B1DD-4669-8BD9-BAD6C270D824}.Release|Any CPU.Build.0 = Release|Any CPU
		{D7220FDF-4CEA-4CF6-8817-63108D46AD10}.Debug|Any CPU.ActiveCfg = Debug|Any CPU
		{D7220FDF-4CEA-4CF6-8817-63108D46AD10}.Debug|Any CPU.Build.0 = Debug|Any CPU
		{D7220FDF-4CEA-4CF6-8817-63108D46AD10}.Release|Any CPU.ActiveCfg = Release|Any CPU
		{D7220FDF-4CEA-4CF6-8817-63108D46AD10}.Release|Any CPU.Build.0 = Release|Any CPU
		{F052DE28-7EE4-4A82-8FED-360944361FAD}.Debug|Any CPU.ActiveCfg = Debug|Any CPU
		{F052DE28-7EE4-4A82-8FED-360944361FAD}.Debug|Any CPU.Build.0 = Debug|Any CPU
		{F052DE28-7EE4-4A82-8FED-360944361FAD}.Release|Any CPU.ActiveCfg = Release|Any CPU
		{F052DE28-7EE4-4A82-8FED-360944361FAD}.Release|Any CPU.Build.0 = Release|Any CPU
		{629BB1A8-D35C-46EC-97F0-0C755C2D56AE}.Debug|Any CPU.ActiveCfg = Debug|Any CPU
		{629BB1A8-D35C-46EC-97F0-0C755C2D56AE}.Debug|Any CPU.Build.0 = Debug|Any CPU
		{629BB1A8-D35C-46EC-97F0-0C755C2D56AE}.Release|Any CPU.ActiveCfg = Release|Any CPU
		{629BB1A8-D35C-46EC-97F0-0C755C2D56AE}.Release|Any CPU.Build.0 = Release|Any CPU
		{FCA08593-A8BE-42BA-862A-271B1142639D}.Debug|Any CPU.ActiveCfg = Debug|Any CPU
		{FCA08593-A8BE-42BA-862A-271B1142639D}.Debug|Any CPU.Build.0 = Debug|Any CPU
		{FCA08593-A8BE-42BA-862A-271B1142639D}.Release|Any CPU.ActiveCfg = Release|Any CPU
		{FCA08593-A8BE-42BA-862A-271B1142639D}.Release|Any CPU.Build.0 = Release|Any CPU
		{35B8695A-9DFF-4423-B82E-5374B3E1C8DB}.Debug|Any CPU.ActiveCfg = Debug|Any CPU
		{35B8695A-9DFF-4423-B82E-5374B3E1C8DB}.Debug|Any CPU.Build.0 = Debug|Any CPU
		{35B8695A-9DFF-4423-B82E-5374B3E1C8DB}.Release|Any CPU.ActiveCfg = Release|Any CPU
		{35B8695A-9DFF-4423-B82E-5374B3E1C8DB}.Release|Any CPU.Build.0 = Release|Any CPU
	EndGlobalSection
	GlobalSection(SolutionProperties) = preSolution
		HideSolutionNode = FALSE
	EndGlobalSection
	GlobalSection(NestedProjects) = preSolution
		{72578173-B47E-4AFF-8E1B-6006CA921C11} = {74136E24-366C-4B83-9A4C-A699EA37F217}
		{0105E15C-B3B1-4B50-9D95-4C43C4C01CFD} = {72578173-B47E-4AFF-8E1B-6006CA921C11}
		{D2F38B57-AA11-40DE-AE33-4AE5DB3BD9F0} = {74136E24-366C-4B83-9A4C-A699EA37F217}
		{3B653CD8-1C18-42B1-880D-762B5787AEA3} = {D2F38B57-AA11-40DE-AE33-4AE5DB3BD9F0}
		{C279E6F7-041A-4CFE-B60F-9D7EDB083777} = {D2F38B57-AA11-40DE-AE33-4AE5DB3BD9F0}
		{2139C359-0067-4361-8B83-419B92ABB381} = {FFD39283-E859-4F2D-99E5-E92636D0F93F}
		{2EAC2A13-B2DF-4911-9124-1DB97EB2073F} = {2139C359-0067-4361-8B83-419B92ABB381}
		{CF63308E-2B32-4D45-ADAA-6BCB783C1D2E} = {D2F38B57-AA11-40DE-AE33-4AE5DB3BD9F0}
		{914CE4D7-C4C6-4DF6-BF4A-07C9353B901B} = {D2F38B57-AA11-40DE-AE33-4AE5DB3BD9F0}
		{75D3217C-5D05-462C-8F78-BBB00517FEC5} = {D2F38B57-AA11-40DE-AE33-4AE5DB3BD9F0}
		{9B3410F3-9CB4-4924-9621-A780245B7F69} = {D2F38B57-AA11-40DE-AE33-4AE5DB3BD9F0}
		{99D035B1-DEDE-4CDB-9977-C57AC39B79C6} = {D2F38B57-AA11-40DE-AE33-4AE5DB3BD9F0}
		{8B5D202F-DA1A-4820-8170-FD4AE252841C} = {D2F38B57-AA11-40DE-AE33-4AE5DB3BD9F0}
		{F844BDEB-DBBD-43D8-AA9D-8413018AC050} = {D2F38B57-AA11-40DE-AE33-4AE5DB3BD9F0}
		{FBEB9791-03AE-402D-8F30-63B03F6B74F8} = {D2F38B57-AA11-40DE-AE33-4AE5DB3BD9F0}
		{893B4835-423A-4E82-9277-8CE418ACB71D} = {D2F38B57-AA11-40DE-AE33-4AE5DB3BD9F0}
		{524EB73A-420F-4F3E-9AC7-5D0D5A0435BD} = {D2F38B57-AA11-40DE-AE33-4AE5DB3BD9F0}
		{D0980115-E42A-4351-B89F-6DB29A278E61} = {D2F38B57-AA11-40DE-AE33-4AE5DB3BD9F0}
		{B4A51620-103E-4214-B8E3-A2C70AB44709} = {D2F38B57-AA11-40DE-AE33-4AE5DB3BD9F0}
		{B26AFA4F-73B1-4B91-9BA6-DE36A859B35C} = {D2F38B57-AA11-40DE-AE33-4AE5DB3BD9F0}
		{433B0382-823E-4B6B-9A56-EEE9320525A0} = {D2F38B57-AA11-40DE-AE33-4AE5DB3BD9F0}
		{AE99AC67-D29D-4B56-B951-B692BAD281A7} = {D2F38B57-AA11-40DE-AE33-4AE5DB3BD9F0}
		{3DD31691-BABE-4911-89D2-DEEB1ED71BCF} = {D2F38B57-AA11-40DE-AE33-4AE5DB3BD9F0}
		{3CE380B2-286E-48DE-8C38-054F382F1721} = {D2F38B57-AA11-40DE-AE33-4AE5DB3BD9F0}
		{023A5105-05A8-4712-86BA-733B28FC4974} = {D2F38B57-AA11-40DE-AE33-4AE5DB3BD9F0}
		{C9E94E05-83C5-450F-8839-C18759F7FE94} = {D2F38B57-AA11-40DE-AE33-4AE5DB3BD9F0}
		{E19FBB67-CBB0-48FC-9746-4F44EB4D22A3} = {D2F38B57-AA11-40DE-AE33-4AE5DB3BD9F0}
		{78128F8B-D410-4005-A4F7-C83D5D05B8BC} = {D2F38B57-AA11-40DE-AE33-4AE5DB3BD9F0}
		{EF4E25BD-B49C-458A-9788-378A0EDE1DE8} = {D2F38B57-AA11-40DE-AE33-4AE5DB3BD9F0}
		{8E7995AF-92F0-4143-9FD6-BB66CCA3851A} = {D2F38B57-AA11-40DE-AE33-4AE5DB3BD9F0}
		{95EDB3C4-5A1B-4E84-9542-90E724CE0A29} = {D2F38B57-AA11-40DE-AE33-4AE5DB3BD9F0}
		{A06DC53E-76E8-40BD-B7AF-8CC278329720} = {D2F38B57-AA11-40DE-AE33-4AE5DB3BD9F0}
		{ACD8954E-3E3D-4898-956C-4649DF771BBC} = {D2F38B57-AA11-40DE-AE33-4AE5DB3BD9F0}
		{03D31E51-3390-4606-9B0D-32935267FB47} = {D2F38B57-AA11-40DE-AE33-4AE5DB3BD9F0}
		{367101F3-97F5-4E1B-A52A-74E6D1D3DEE6} = {FFD39283-E859-4F2D-99E5-E92636D0F93F}
		{270449BF-6976-470E-A3A9-A98CDFAE84F4} = {367101F3-97F5-4E1B-A52A-74E6D1D3DEE6}
		{377AFA74-378C-4BFC-8B49-0F77FF48ED22} = {367101F3-97F5-4E1B-A52A-74E6D1D3DEE6}
		{58C386CD-E856-4843-8216-7425B30369EC} = {74136E24-366C-4B83-9A4C-A699EA37F217}
		{EE20B2C7-D8D1-4F6A-8F9C-B90D6AAE5510} = {58C386CD-E856-4843-8216-7425B30369EC}
		{34B050C7-4EE0-44EF-9B67-AC29EB4FE570} = {58C386CD-E856-4843-8216-7425B30369EC}
		{81295499-DED2-4161-8B4E-9418176E75E3} = {58C386CD-E856-4843-8216-7425B30369EC}
		{6B310B97-C911-400E-8A8E-BA48D7C4ED66} = {58C386CD-E856-4843-8216-7425B30369EC}
		{F07A2F75-733A-4A37-A3BC-63BC12766579} = {58C386CD-E856-4843-8216-7425B30369EC}
		{9F6C8634-6E87-4C4D-A6F9-2EA17B55176F} = {58C386CD-E856-4843-8216-7425B30369EC}
		{70352503-1ADF-4200-BFFD-A30F77903AAB} = {58C386CD-E856-4843-8216-7425B30369EC}
		{3A0022C9-D97D-4D36-9AC2-7CBFEA68F277} = {58C386CD-E856-4843-8216-7425B30369EC}
		{E506C3C0-8482-4D8C-A1AF-E312ABC39D99} = {58C386CD-E856-4843-8216-7425B30369EC}
		{E2709CD1-0B02-4BE0-8EEB-6D2141581467} = {58C386CD-E856-4843-8216-7425B30369EC}
		{654CDD65-194A-47D8-A78B-105E1D8722B1} = {FFD39283-E859-4F2D-99E5-E92636D0F93F}
		{D0A8149F-E78E-4394-95F7-ADA9F9A5A0C4} = {654CDD65-194A-47D8-A78B-105E1D8722B1}
		{473E90EB-A30A-425B-BD3A-E5EA61CB3247} = {654CDD65-194A-47D8-A78B-105E1D8722B1}
		{DFDA22F5-F116-4586-ACF5-2FDFD0D92199} = {654CDD65-194A-47D8-A78B-105E1D8722B1}
		{178DF1E3-8F41-47F2-9C48-D8913311519E} = {654CDD65-194A-47D8-A78B-105E1D8722B1}
		{F392E165-5A2E-4327-9BE0-9EEA284006CF} = {74136E24-366C-4B83-9A4C-A699EA37F217}
		{7DBC6649-21D1-4AF8-BFBF-D6CE0BD85583} = {F392E165-5A2E-4327-9BE0-9EEA284006CF}
		{26772311-5E34-415F-A0F8-86ED549A98E9} = {F392E165-5A2E-4327-9BE0-9EEA284006CF}
		{854A35AD-653B-4C05-8B04-1D8A205BC022} = {F392E165-5A2E-4327-9BE0-9EEA284006CF}
		{09BEFD66-1E0A-497E-8498-E02BE24CACF4} = {F392E165-5A2E-4327-9BE0-9EEA284006CF}
		{F7DF6C52-CC4B-4704-8FD1-51DFFCFCB7B8} = {F392E165-5A2E-4327-9BE0-9EEA284006CF}
		{E0D07D27-F22D-48E3-8253-DE1A285DDE55} = {F392E165-5A2E-4327-9BE0-9EEA284006CF}
		{42320501-7E2A-4F36-A4A9-806C0022CF0F} = {F392E165-5A2E-4327-9BE0-9EEA284006CF}
		{92AC7693-8786-42DD-865F-4F485ADBF55C} = {F392E165-5A2E-4327-9BE0-9EEA284006CF}
		{15FD01AC-1304-4A7E-AAB6-4B54AB8C3D86} = {F392E165-5A2E-4327-9BE0-9EEA284006CF}
		{F53A5E16-93A4-4992-AC65-7400518232B3} = {F392E165-5A2E-4327-9BE0-9EEA284006CF}
		{41E2488A-3843-4F20-A9AA-9D197E0B25A3} = {F392E165-5A2E-4327-9BE0-9EEA284006CF}
		{77F32F6F-71F1-49C8-BC80-693B079B8EC8} = {F392E165-5A2E-4327-9BE0-9EEA284006CF}
		{08973F20-2978-4765-8E2D-726F1E46F3D3} = {F392E165-5A2E-4327-9BE0-9EEA284006CF}
		{06DFECAB-C174-4C0D-983F-DA5949E17880} = {F392E165-5A2E-4327-9BE0-9EEA284006CF}
		{FCED81A8-B1DD-4669-8BD9-BAD6C270D824} = {F392E165-5A2E-4327-9BE0-9EEA284006CF}
		{B70029EB-FF0F-472D-BD78-E4D82728B690} = {FFD39283-E859-4F2D-99E5-E92636D0F93F}
		{D7220FDF-4CEA-4CF6-8817-63108D46AD10} = {B70029EB-FF0F-472D-BD78-E4D82728B690}
		{F052DE28-7EE4-4A82-8FED-360944361FAD} = {B70029EB-FF0F-472D-BD78-E4D82728B690}
		{629BB1A8-D35C-46EC-97F0-0C755C2D56AE} = {B70029EB-FF0F-472D-BD78-E4D82728B690}
		{FCA08593-A8BE-42BA-862A-271B1142639D} = {B70029EB-FF0F-472D-BD78-E4D82728B690}
		{35B8695A-9DFF-4423-B82E-5374B3E1C8DB} = {B70029EB-FF0F-472D-BD78-E4D82728B690}
	EndGlobalSection
	GlobalSection(ExtensibilityGlobals) = postSolution
		SolutionGuid = {69D8E72F-8001-49B2-9866-58EB391C05B2}
	EndGlobalSection
EndGlobal
