
Microsoft Visual Studio Solution File, Format Version 12.00
# Visual Studio Version 17
VisualStudioVersion = 17.0.31903.59
MinimumVisualStudioVersion = 10.0.40219.1
Project("{2150E333-8FDC-42A3-9474-1A3956D46DE8}") = "example", "example", "{74136E24-366C-4B83-9A4C-A699EA37F217}"
EndProject
Project("{2150E333-8FDC-42A3-9474-1A3956D46DE8}") = "chapter02", "chapter02", "{72578173-B47E-4AFF-8E1B-6006CA921C11}"
EndProject
Project("{FAE04EC0-301F-11D3-BF4B-00C04F79EFBC}") = "Hello", "example\chapter02\Hello\Hello.csproj", "{0105E15C-B3B1-4B50-9D95-4C43C4C01CFD}"
EndProject
Project("{2150E333-8FDC-42A3-9474-1A3956D46DE8}") = "chapter03", "chapter03", "{D2F38B57-AA11-40DE-AE33-4AE5DB3BD9F0}"
EndProject
Project("{FAE04EC0-301F-11D3-BF4B-00C04F79EFBC}") = "IntergerLiterals", "example\chapter03\IntergerLiterals\IntergerLiterals.csproj", "{3B653CD8-1C18-42B1-880D-762B5787AEA3}"
EndProject
Project("{FAE04EC0-301F-11D3-BF4B-00C04F79EFBC}") = "IntergralTypes", "example\chapter03\IntergralTypes\IntergralTypes.csproj", "{C279E6F7-041A-4CFE-B60F-9D7EDB083777}"
EndProject
Project("{2150E333-8FDC-42A3-9474-1A3956D46DE8}") = "exercise", "exercise", "{FFD39283-E859-4F2D-99E5-E92636D0F93F}"
EndProject
Project("{2150E333-8FDC-42A3-9474-1A3956D46DE8}") = "chapter02", "chapter02", "{2139C359-0067-4361-8B83-419B92ABB381}"
EndProject
Project("{FAE04EC0-301F-11D3-BF4B-00C04F79EFBC}") = "exercise01", "exercise\chapter02\exercise01\exercise01.csproj", "{2EAC2A13-B2DF-4911-9124-1DB97EB2073F}"
EndProject
Project("{FAE04EC0-301F-11D3-BF4B-00C04F79EFBC}") = "SignedUnsigned", "example\chapter03\SignedUnsigned\SignedUnsigned.csproj", "{CF63308E-2B32-4D45-ADAA-6BCB783C1D2E}"
EndProject
Project("{FAE04EC0-301F-11D3-BF4B-00C04F79EFBC}") = "Overflow", "example\chapter03\Overflow\Overflow.csproj", "{914CE4D7-C4C6-4DF6-BF4A-07C9353B901B}"
EndProject
Project("{FAE04EC0-301F-11D3-BF4B-00C04F79EFBC}") = "FloatingPoint", "example\chapter03\FloatingPoint\FloatingPoint.csproj", "{75D3217C-5D05-462C-8F78-BBB00517FEC5}"
EndProject
Project("{FAE04EC0-301F-11D3-BF4B-00C04F79EFBC}") = "Decimal", "example\chapter03\Decimal\Decimal.csproj", "{9B3410F3-9CB4-4924-9621-A780245B7F69}"
EndProject
Project("{FAE04EC0-301F-11D3-BF4B-00C04F79EFBC}") = "Char", "example\chapter03\Char\Char.csproj", "{99D035B1-DEDE-4CDB-9977-C57AC39B79C6}"
EndProject
Project("{FAE04EC0-301F-11D3-BF4B-00C04F79EFBC}") = "Bool", "example\chapter03\Bool\Bool.csproj", "{8B5D202F-DA1A-4820-8170-FD4AE252841C}"
EndProject
Project("{FAE04EC0-301F-11D3-BF4B-00C04F79EFBC}") = "Object", "example\chapter03\Object\Object.csproj", "{F844BDEB-DBBD-43D8-AA9D-8413018AC050}"
EndProject
Project("{FAE04EC0-301F-11D3-BF4B-00C04F79EFBC}") = "BoxingUnboxing", "example\chapter03\BoxingUnboxing\BoxingUnboxing.csproj", "{FBEB9791-03AE-402D-8F30-63B03F6B74F8}"
EndProject
Global
	GlobalSection(SolutionConfigurationPlatforms) = preSolution
		Debug|Any CPU = Debug|Any CPU
		Release|Any CPU = Release|Any CPU
	EndGlobalSection
	GlobalSection(SolutionProperties) = preSolution
		HideSolutionNode = FALSE
	EndGlobalSection
	GlobalSection(ProjectConfigurationPlatforms) = postSolution
		{0105E15C-B3B1-4B50-9D95-4C43C4C01CFD}.Debug|Any CPU.ActiveCfg = Debug|Any CPU
		{0105E15C-B3B1-4B50-9D95-4C43C4C01CFD}.Debug|Any CPU.Build.0 = Debug|Any CPU
		{0105E15C-B3B1-4B50-9D95-4C43C4C01CFD}.Release|Any CPU.ActiveCfg = Release|Any CPU
		{0105E15C-B3B1-4B50-9D95-4C43C4C01CFD}.Release|Any CPU.Build.0 = Release|Any CPU
		{3B653CD8-1C18-42B1-880D-762B5787AEA3}.Debug|Any CPU.ActiveCfg = Debug|Any CPU
		{3B653CD8-1C18-42B1-880D-762B5787AEA3}.Debug|Any CPU.Build.0 = Debug|Any CPU
		{3B653CD8-1C18-42B1-880D-762B5787AEA3}.Release|Any CPU.ActiveCfg = Release|Any CPU
		{3B653CD8-1C18-42B1-880D-762B5787AEA3}.Release|Any CPU.Build.0 = Release|Any CPU
		{C279E6F7-041A-4CFE-B60F-9D7EDB083777}.Debug|Any CPU.ActiveCfg = Debug|Any CPU
		{C279E6F7-041A-4CFE-B60F-9D7EDB083777}.Debug|Any CPU.Build.0 = Debug|Any CPU
		{C279E6F7-041A-4CFE-B60F-9D7EDB083777}.Release|Any CPU.ActiveCfg = Release|Any CPU
		{C279E6F7-041A-4CFE-B60F-9D7EDB083777}.Release|Any CPU.Build.0 = Release|Any CPU
		{2EAC2A13-B2DF-4911-9124-1DB97EB2073F}.Debug|Any CPU.ActiveCfg = Debug|Any CPU
		{2EAC2A13-B2DF-4911-9124-1DB97EB2073F}.Debug|Any CPU.Build.0 = Debug|Any CPU
		{2EAC2A13-B2DF-4911-9124-1DB97EB2073F}.Release|Any CPU.ActiveCfg = Release|Any CPU
		{2EAC2A13-B2DF-4911-9124-1DB97EB2073F}.Release|Any CPU.Build.0 = Release|Any CPU
		{CF63308E-2B32-4D45-ADAA-6BCB783C1D2E}.Debug|Any CPU.ActiveCfg = Debug|Any CPU
		{CF63308E-2B32-4D45-ADAA-6BCB783C1D2E}.Debug|Any CPU.Build.0 = Debug|Any CPU
		{CF63308E-2B32-4D45-ADAA-6BCB783C1D2E}.Release|Any CPU.ActiveCfg = Release|Any CPU
		{CF63308E-2B32-4D45-ADAA-6BCB783C1D2E}.Release|Any CPU.Build.0 = Release|Any CPU
		{914CE4D7-C4C6-4DF6-BF4A-07C9353B901B}.Debug|Any CPU.ActiveCfg = Debug|Any CPU
		{914CE4D7-C4C6-4DF6-BF4A-07C9353B901B}.Debug|Any CPU.Build.0 = Debug|Any CPU
		{914CE4D7-C4C6-4DF6-BF4A-07C9353B901B}.Release|Any CPU.ActiveCfg = Release|Any CPU
		{914CE4D7-C4C6-4DF6-BF4A-07C9353B901B}.Release|Any CPU.Build.0 = Release|Any CPU
		{75D3217C-5D05-462C-8F78-BBB00517FEC5}.Debug|Any CPU.ActiveCfg = Debug|Any CPU
		{75D3217C-5D05-462C-8F78-BBB00517FEC5}.Debug|Any CPU.Build.0 = Debug|Any CPU
		{75D3217C-5D05-462C-8F78-BBB00517FEC5}.Release|Any CPU.ActiveCfg = Release|Any CPU
		{75D3217C-5D05-462C-8F78-BBB00517FEC5}.Release|Any CPU.Build.0 = Release|Any CPU
		{9B3410F3-9CB4-4924-9621-A780245B7F69}.Debug|Any CPU.ActiveCfg = Debug|Any CPU
		{9B3410F3-9CB4-4924-9621-A780245B7F69}.Debug|Any CPU.Build.0 = Debug|Any CPU
		{9B3410F3-9CB4-4924-9621-A780245B7F69}.Release|Any CPU.ActiveCfg = Release|Any CPU
		{9B3410F3-9CB4-4924-9621-A780245B7F69}.Release|Any CPU.Build.0 = Release|Any CPU
		{99D035B1-DEDE-4CDB-9977-C57AC39B79C6}.Debug|Any CPU.ActiveCfg = Debug|Any CPU
		{99D035B1-DEDE-4CDB-9977-C57AC39B79C6}.Debug|Any CPU.Build.0 = Debug|Any CPU
		{99D035B1-DEDE-4CDB-9977-C57AC39B79C6}.Release|Any CPU.ActiveCfg = Release|Any CPU
		{99D035B1-DEDE-4CDB-9977-C57AC39B79C6}.Release|Any CPU.Build.0 = Release|Any CPU
		{8B5D202F-DA1A-4820-8170-FD4AE252841C}.Debug|Any CPU.ActiveCfg = Debug|Any CPU
		{8B5D202F-DA1A-4820-8170-FD4AE252841C}.Debug|Any CPU.Build.0 = Debug|Any CPU
		{8B5D202F-DA1A-4820-8170-FD4AE252841C}.Release|Any CPU.ActiveCfg = Release|Any CPU
		{8B5D202F-DA1A-4820-8170-FD4AE252841C}.Release|Any CPU.Build.0 = Release|Any CPU
		{F844BDEB-DBBD-43D8-AA9D-8413018AC050}.Debug|Any CPU.ActiveCfg = Debug|Any CPU
		{F844BDEB-DBBD-43D8-AA9D-8413018AC050}.Debug|Any CPU.Build.0 = Debug|Any CPU
		{F844BDEB-DBBD-43D8-AA9D-8413018AC050}.Release|Any CPU.ActiveCfg = Release|Any CPU
		{F844BDEB-DBBD-43D8-AA9D-8413018AC050}.Release|Any CPU.Build.0 = Release|Any CPU
		{FBEB9791-03AE-402D-8F30-63B03F6B74F8}.Debug|Any CPU.ActiveCfg = Debug|Any CPU
		{FBEB9791-03AE-402D-8F30-63B03F6B74F8}.Debug|Any CPU.Build.0 = Debug|Any CPU
		{FBEB9791-03AE-402D-8F30-63B03F6B74F8}.Release|Any CPU.ActiveCfg = Release|Any CPU
		{FBEB9791-03AE-402D-8F30-63B03F6B74F8}.Release|Any CPU.Build.0 = Release|Any CPU
	EndGlobalSection
	GlobalSection(NestedProjects) = preSolution
		{72578173-B47E-4AFF-8E1B-6006CA921C11} = {74136E24-366C-4B83-9A4C-A699EA37F217}
		{0105E15C-B3B1-4B50-9D95-4C43C4C01CFD} = {72578173-B47E-4AFF-8E1B-6006CA921C11}
		{D2F38B57-AA11-40DE-AE33-4AE5DB3BD9F0} = {74136E24-366C-4B83-9A4C-A699EA37F217}
		{3B653CD8-1C18-42B1-880D-762B5787AEA3} = {D2F38B57-AA11-40DE-AE33-4AE5DB3BD9F0}
		{C279E6F7-041A-4CFE-B60F-9D7EDB083777} = {D2F38B57-AA11-40DE-AE33-4AE5DB3BD9F0}
		{2139C359-0067-4361-8B83-419B92ABB381} = {FFD39283-E859-4F2D-99E5-E92636D0F93F}
		{2EAC2A13-B2DF-4911-9124-1DB97EB2073F} = {2139C359-0067-4361-8B83-419B92ABB381}
		{CF63308E-2B32-4D45-ADAA-6BCB783C1D2E} = {D2F38B57-AA11-40DE-AE33-4AE5DB3BD9F0}
		{914CE4D7-C4C6-4DF6-BF4A-07C9353B901B} = {D2F38B57-AA11-40DE-AE33-4AE5DB3BD9F0}
		{75D3217C-5D05-462C-8F78-BBB00517FEC5} = {D2F38B57-AA11-40DE-AE33-4AE5DB3BD9F0}
		{9B3410F3-9CB4-4924-9621-A780245B7F69} = {D2F38B57-AA11-40DE-AE33-4AE5DB3BD9F0}
		{99D035B1-DEDE-4CDB-9977-C57AC39B79C6} = {D2F38B57-AA11-40DE-AE33-4AE5DB3BD9F0}
		{8B5D202F-DA1A-4820-8170-FD4AE252841C} = {D2F38B57-AA11-40DE-AE33-4AE5DB3BD9F0}
		{F844BDEB-DBBD-43D8-AA9D-8413018AC050} = {D2F38B57-AA11-40DE-AE33-4AE5DB3BD9F0}
		{FBEB9791-03AE-402D-8F30-63B03F6B74F8} = {D2F38B57-AA11-40DE-AE33-4AE5DB3BD9F0}
	EndGlobalSection
EndGlobal
